
Microsoft Visual Studio Solution File, Format Version 12.00
# Visual Studio Version 17
VisualStudioVersion = 17.14.36915.13
MinimumVisualStudioVersion = 10.0.40219.1
Project("{8BC9CEB8-8B4A-11D0-8D11-00A0C91BC942}") = "Problem1", "Problem1\Problem1.vcxproj", "{00467D3E-1E9E-481D-8C11-B7EC7A866E6C}"
EndProject
Project("{8BC9CEB8-8B4A-11D0-8D11-00A0C91BC942}") = "Problem2", "Problem2\Problem2.vcxproj", "{B4AF8008-2017-4E23-9DC8-FF35D630E369}"
EndProject
Project("{8BC9CEB8-8B4A-11D0-8D11-00A0C91BC942}") = "Problem3", "Problem3\Problem3.vcxproj", "{C991DEC2-B160-4011-A6C9-99872CD45A13}"
EndProject
Project("{8BC9CEB8-8B4A-11D0-8D11-00A0C91BC942}") = "Problem4", "Problem4\Problem4.vcxproj", "{5FC5A628-A4CD-4C21-B33A-0EBB3ED77AF4}"
EndProject
Project("{8BC9CEB8-8B4A-11D0-8D11-00A0C91BC942}") = "Problem5", "Problem5\Problem5.vcxproj", "{574B72F5-B677-4B75-855C-7024735A9D1A}"
EndProject
Project("{8BC9CEB8-8B4A-11D0-8D11-00A0C91BC942}") = "Problem6", "Problem6\Problem6.vcxproj", "{7730D122-F863-4A5C-8FEB-C30E33FAB8E8}"
EndProject
Project("{8BC9CEB8-8B4A-11D0-8D11-00A0C91BC942}") = "Problem7", "Problem7\Problem7.vcxproj", "{5DD092C3-7B02-4C24-AD00-096711C36337}"
EndProject
Project("{8BC9CEB8-8B4A-11D0-8D11-00A0C91BC942}") = "Problem8", "Problem8\Problem8.vcxproj", "{E3EF7E69-3F01-4571-99A4-E1AB5CAC1267}"
EndProject
Project("{8BC9CEB8-8B4A-11D0-8D11-00A0C91BC942}") = "Problem9", "Problem9\Problem9.vcxproj", "{12601D44-930E-4B6F-BB98-753EDD6BE591}"
EndProject
Project("{8BC9CEB8-8B4A-11D0-8D11-00A0C91BC942}") = "Problem10", "Problem10\Problem10.vcxproj", "{182BEC05-FF13-4133-9FEC-289810DCCC3D}"
EndProject
Project("{8BC9CEB8-8B4A-11D0-8D11-00A0C91BC942}") = "Problem11", "Problem11\Problem11.vcxproj", "{9A86D082-C1FA-42D1-B0CD-29F4B65A174A}"
EndProject
Project("{8BC9CEB8-8B4A-11D0-8D11-00A0C91BC942}") = "Problem12", "Problem12\Problem12.vcxproj", "{2E86C722-4B5E-4C2D-8452-BDF615FFEDE8}"
EndProject
Project("{8BC9CEB8-8B4A-11D0-8D11-00A0C91BC942}") = "Problem13", "Problem13\Problem13.vcxproj", "{4DC9462B-22A9-4415-BBCD-2EF0B0648F58}"
EndProject
Project("{8BC9CEB8-8B4A-11D0-8D11-00A0C91BC942}") = "Problem14", "Problem14\Problem14.vcxproj", "{6B25A1B9-D003-433C-A1AD-8EC5EA00CBF2}"
EndProject
Project("{8BC9CEB8-8B4A-11D0-8D11-00A0C91BC942}") = "Problem15", "Problem15\Problem15.vcxproj", "{939D781F-1CDD-45B2-A818-F2B05503F231}"
EndProject
Project("{8BC9CEB8-8B4A-11D0-8D11-00A0C91BC942}") = "Problem16", "Problem16\Problem16.vcxproj", "{27A20322-F4FC-438E-A871-42745AA3E29F}"
EndProject
Project("{8BC9CEB8-8B4A-11D0-8D11-00A0C91BC942}") = "Problem17", "Problem17\Problem17.vcxproj", "{47A1D87F-4C52-4343-924D-CC249D825009}"
EndProject
Project("{8BC9CEB8-8B4A-11D0-8D11-00A0C91BC942}") = "Problem18", "Problem18\Problem18.vcxproj", "{224103CB-1A28-4008-A384-6AD9BA97440B}"
EndProject
Project("{8BC9CEB8-8B4A-11D0-8D11-00A0C91BC942}") = "Problem19", "Problem19\Problem19.vcxproj", "{9D89BFAA-9505-4319-B8E9-2119B84D9FAC}"
EndProject
Project("{8BC9CEB8-8B4A-11D0-8D11-00A0C91BC942}") = "Problem20", "Problem20\Problem20.vcxproj", "{07CCB272-DD7D-410E-B1F8-783BA374DB1B}"
EndProject
Project("{8BC9CEB8-8B4A-11D0-8D11-00A0C91BC942}") = "Problem21", "Problem21\Problem21.vcxproj", "{415602AC-9ED0-4A57-84E2-8430C343004C}"
EndProject
Project("{8BC9CEB8-8B4A-11D0-8D11-00A0C91BC942}") = "Problem22", "Problem22\Problem22.vcxproj", "{70DCD7B1-5F36-49B3-A4DA-F5E2CA9A44B7}"
EndProject
Project("{8BC9CEB8-8B4A-11D0-8D11-00A0C91BC942}") = "Problem23", "Problem23\Problem23.vcxproj", "{AB5069EF-604B-475E-8EF5-2F617709BE64}"
EndProject
Project("{8BC9CEB8-8B4A-11D0-8D11-00A0C91BC942}") = "Problem24", "Problem24\Problem24.vcxproj", "{787260B6-C3C3-4DD3-BB09-6537BDA66E2C}"
EndProject
Project("{8BC9CEB8-8B4A-11D0-8D11-00A0C91BC942}") = "Problem25", "Problem25\Problem25.vcxproj", "{B8BCD792-9FE7-4EF2-8867-269AACB373B7}"
EndProject
Project("{8BC9CEB8-8B4A-11D0-8D11-00A0C91BC942}") = "Problem26", "Problem26\Problem26.vcxproj", "{230F1C30-9DF0-4E47-A989-47C814B97CC0}"
EndProject
Project("{8BC9CEB8-8B4A-11D0-8D11-00A0C91BC942}") = "Problem27", "Problem27\Problem27.vcxproj", "{125CB8E3-014A-45EB-AA5C-BFF23445398A}"
EndProject
Project("{8BC9CEB8-8B4A-11D0-8D11-00A0C91BC942}") = "Problem28", "Problem28\Problem28.vcxproj", "{29045973-1841-4B83-8A6F-812546868052}"
EndProject
Project("{8BC9CEB8-8B4A-11D0-8D11-00A0C91BC942}") = "Problem29", "Problem29\Problem29.vcxproj", "{C62ECB37-0368-4524-B7D2-C8AD43B3AFD5}"
EndProject
Project("{8BC9CEB8-8B4A-11D0-8D11-00A0C91BC942}") = "Problem30", "Problem30\Problem30.vcxproj", "{DF627983-3C69-4350-BC7D-D434F40217E8}"
EndProject
Project("{8BC9CEB8-8B4A-11D0-8D11-00A0C91BC942}") = "Problem31", "Problem31\Problem31.vcxproj", "{ADDF4592-D6E2-41D5-BFA8-8B4AAB7689FB}"
EndProject
Project("{8BC9CEB8-8B4A-11D0-8D11-00A0C91BC942}") = "Problem32", "Problem32\Problem32.vcxproj", "{78184081-13BD-4B8B-BA72-DA5BAFD2CDEE}"
EndProject
Project("{8BC9CEB8-8B4A-11D0-8D11-00A0C91BC942}") = "Problem33", "Problem33\Problem33.vcxproj", "{4B87C3CD-3B33-488B-AF68-1A9C8443A0D6}"
EndProject
Project("{8BC9CEB8-8B4A-11D0-8D11-00A0C91BC942}") = "Problem34", "Problem34\Problem34.vcxproj", "{5F4B5DA6-9CD6-441F-A874-745A238D3634}"
EndProject
Project("{8BC9CEB8-8B4A-11D0-8D11-00A0C91BC942}") = "Problem35", "Problem35\Problem35.vcxproj", "{B18AEA6C-B318-4D57-A4B7-56DB970AEB9A}"
EndProject
Project("{8BC9CEB8-8B4A-11D0-8D11-00A0C91BC942}") = "Problem36", "Problem36\Problem36.vcxproj", "{757C02B9-A07A-4229-86E1-1294A4D540CD}"
EndProject
Project("{8BC9CEB8-8B4A-11D0-8D11-00A0C91BC942}") = "Problem37", "Problem37\Problem37.vcxproj", "{D89A4BC0-C2AE-438D-A26E-97BC4EA9D635}"
EndProject
Project("{8BC9CEB8-8B4A-11D0-8D11-00A0C91BC942}") = "Problem38", "Problem38\Problem38.vcxproj", "{FD097042-364A-4558-9A1F-EB6C0BAD2F72}"
EndProject
Project("{8BC9CEB8-8B4A-11D0-8D11-00A0C91BC942}") = "Problem39", "Problem39\Problem39.vcxproj", "{768A5B42-8FA9-42AC-92F4-B52CAF3593D0}"
EndProject
Project("{8BC9CEB8-8B4A-11D0-8D11-00A0C91BC942}") = "Problem40", "Problem40\Problem40.vcxproj", "{5997F501-A277-4C54-B052-B4E7AC141E4B}"
EndProject
Project("{8BC9CEB8-8B4A-11D0-8D11-00A0C91BC942}") = "Problem41", "Problem41\Problem41.vcxproj", "{32FF9F6B-C01A-4BBE-A962-4766AE30A385}"
EndProject
Project("{8BC9CEB8-8B4A-11D0-8D11-00A0C91BC942}") = "Problem42", "Problem42\Problem42.vcxproj", "{57ED4486-8B6E-4E61-8DEB-2D845A3FBB7E}"
EndProject
Project("{8BC9CEB8-8B4A-11D0-8D11-00A0C91BC942}") = "Problem43", "Problem43\Problem43.vcxproj", "{6EA14F11-47E9-4B6C-BC8D-D4D31A217414}"
EndProject
Project("{8BC9CEB8-8B4A-11D0-8D11-00A0C91BC942}") = "Problem44", "Problem44\Problem44.vcxproj", "{DA87C3DA-6D5A-468B-AF64-2D8E54A4D8D3}"
EndProject
Project("{8BC9CEB8-8B4A-11D0-8D11-00A0C91BC942}") = "Problem45", "Problem45\Problem45.vcxproj", "{94CFD02D-2E6F-4C9B-9DE1-4262A36C8E59}"
EndProject
Project("{8BC9CEB8-8B4A-11D0-8D11-00A0C91BC942}") = "Problem46", "Problem46\Problem46.vcxproj", "{864B9FF5-C971-483A-AE66-C9C8762B053E}"
EndProject
Project("{8BC9CEB8-8B4A-11D0-8D11-00A0C91BC942}") = "Problem47", "Problem47\Problem47.vcxproj", "{F3991D67-9247-4FD1-A789-056B36B571EB}"
EndProject
Project("{8BC9CEB8-8B4A-11D0-8D11-00A0C91BC942}") = "Problem48", "Problem48\Problem48.vcxproj", "{8AF03069-FB77-4A77-A5DD-478D2D46EBD4}"
EndProject
Project("{8BC9CEB8-8B4A-11D0-8D11-00A0C91BC942}") = "Problem49", "Problem49\Problem49.vcxproj", "{3F14F031-A86E-4FDF-BA8D-8DFA0CCFC9E8}"
EndProject
Project("{8BC9CEB8-8B4A-11D0-8D11-00A0C91BC942}") = "Problem50", "Problem50\Problem50.vcxproj", "{2455CA2E-C7F2-4776-8153-2A691C5D082C}"
EndProject
Project("{8BC9CEB8-8B4A-11D0-8D11-00A0C91BC942}") = "Project1-Stone-Paper-Scissor", "Project1-Stone-Paper-Scissor\Project1-Stone-Paper-Scissor.vcxproj", "{5A1D6824-7B75-4656-AA3B-95708C7CF059}"
EndProject
Project("{8BC9CEB8-8B4A-11D0-8D11-00A0C91BC942}") = "Project2-Math-Game", "Project2-Math-Game\Project2-Math-Game.vcxproj", "{E403F9F4-87DE-4D15-81D7-CA0D25D4536C}"
EndProject
Global
	GlobalSection(SolutionConfigurationPlatforms) = preSolution
		Debug|x64 = Debug|x64
		Debug|x86 = Debug|x86
		Release|x64 = Release|x64
		Release|x86 = Release|x86
	EndGlobalSection
	GlobalSection(ProjectConfigurationPlatforms) = postSolution
		{00467D3E-1E9E-481D-8C11-B7EC7A866E6C}.Debug|x64.ActiveCfg = Debug|x64
		{00467D3E-1E9E-481D-8C11-B7EC7A866E6C}.Debug|x64.Build.0 = Debug|x64
		{00467D3E-1E9E-481D-8C11-B7EC7A866E6C}.Debug|x86.ActiveCfg = Debug|Win32
		{00467D3E-1E9E-481D-8C11-B7EC7A866E6C}.Debug|x86.Build.0 = Debug|Win32
		{00467D3E-1E9E-481D-8C11-B7EC7A866E6C}.Release|x64.ActiveCfg = Release|x64
		{00467D3E-1E9E-481D-8C11-B7EC7A866E6C}.Release|x64.Build.0 = Release|x64
		{00467D3E-1E9E-481D-8C11-B7EC7A866E6C}.Release|x86.ActiveCfg = Release|Win32
		{00467D3E-1E9E-481D-8C11-B7EC7A866E6C}.Release|x86.Build.0 = Release|Win32
		{B4AF8008-2017-4E23-9DC8-FF35D630E369}.Debug|x64.ActiveCfg = Debug|x64
		{B4AF8008-2017-4E23-9DC8-FF35D630E369}.Debug|x64.Build.0 = Debug|x64
		{B4AF8008-2017-4E23-9DC8-FF35D630E369}.Debug|x86.ActiveCfg = Debug|Win32
		{B4AF8008-2017-4E23-9DC8-FF35D630E369}.Debug|x86.Build.0 = Debug|Win32
		{B4AF8008-2017-4E23-9DC8-FF35D630E369}.Release|x64.ActiveCfg = Release|x64
		{B4AF8008-2017-4E23-9DC8-FF35D630E369}.Release|x64.Build.0 = Release|x64
		{B4AF8008-2017-4E23-9DC8-FF35D630E369}.Release|x86.ActiveCfg = Release|Win32
		{B4AF8008-2017-4E23-9DC8-FF35D630E369}.Release|x86.Build.0 = Release|Win32
		{C991DEC2-B160-4011-A6C9-99872CD45A13}.Debug|x64.ActiveCfg = Debug|x64
		{C991DEC2-B160-4011-A6C9-99872CD45A13}.Debug|x64.Build.0 = Debug|x64
		{C991DEC2-B160-4011-A6C9-99872CD45A13}.Debug|x86.ActiveCfg = Debug|Win32
		{C991DEC2-B160-4011-A6C9-99872CD45A13}.Debug|x86.Build.0 = Debug|Win32
		{C991DEC2-B160-4011-A6C9-99872CD45A13}.Release|x64.ActiveCfg = Release|x64
		{C991DEC2-B160-4011-A6C9-99872CD45A13}.Release|x64.Build.0 = Release|x64
		{C991DEC2-B160-4011-A6C9-99872CD45A13}.Release|x86.ActiveCfg = Release|Win32
		{C991DEC2-B160-4011-A6C9-99872CD45A13}.Release|x86.Build.0 = Release|Win32
		{5FC5A628-A4CD-4C21-B33A-0EBB3ED77AF4}.Debug|x64.ActiveCfg = Debug|x64
		{5FC5A628-A4CD-4C21-B33A-0EBB3ED77AF4}.Debug|x64.Build.0 = Debug|x64
		{5FC5A628-A4CD-4C21-B33A-0EBB3ED77AF4}.Debug|x86.ActiveCfg = Debug|Win32
		{5FC5A628-A4CD-4C21-B33A-0EBB3ED77AF4}.Debug|x86.Build.0 = Debug|Win32
		{5FC5A628-A4CD-4C21-B33A-0EBB3ED77AF4}.Release|x64.ActiveCfg = Release|x64
		{5FC5A628-A4CD-4C21-B33A-0EBB3ED77AF4}.Release|x64.Build.0 = Release|x64
		{5FC5A628-A4CD-4C21-B33A-0EBB3ED77AF4}.Release|x86.ActiveCfg = Release|Win32
		{5FC5A628-A4CD-4C21-B33A-0EBB3ED77AF4}.Release|x86.Build.0 = Release|Win32
		{574B72F5-B677-4B75-855C-7024735A9D1A}.Debug|x64.ActiveCfg = Debug|x64
		{574B72F5-B677-4B75-855C-7024735A9D1A}.Debug|x64.Build.0 = Debug|x64
		{574B72F5-B677-4B75-855C-7024735A9D1A}.Debug|x86.ActiveCfg = Debug|Win32
		{574B72F5-B677-4B75-855C-7024735A9D1A}.Debug|x86.Build.0 = Debug|Win32
		{574B72F5-B677-4B75-855C-7024735A9D1A}.Release|x64.ActiveCfg = Release|x64
		{574B72F5-B677-4B75-855C-7024735A9D1A}.Release|x64.Build.0 = Release|x64
		{574B72F5-B677-4B75-855C-7024735A9D1A}.Release|x86.ActiveCfg = Release|Win32
		{574B72F5-B677-4B75-855C-7024735A9D1A}.Release|x86.Build.0 = Release|Win32
		{7730D122-F863-4A5C-8FEB-C30E33FAB8E8}.Debug|x64.ActiveCfg = Debug|x64
		{7730D122-F863-4A5C-8FEB-C30E33FAB8E8}.Debug|x64.Build.0 = Debug|x64
		{7730D122-F863-4A5C-8FEB-C30E33FAB8E8}.Debug|x86.ActiveCfg = Debug|Win32
		{7730D122-F863-4A5C-8FEB-C30E33FAB8E8}.Debug|x86.Build.0 = Debug|Win32
		{7730D122-F863-4A5C-8FEB-C30E33FAB8E8}.Release|x64.ActiveCfg = Release|x64
		{7730D122-F863-4A5C-8FEB-C30E33FAB8E8}.Release|x64.Build.0 = Release|x64
		{7730D122-F863-4A5C-8FEB-C30E33FAB8E8}.Release|x86.ActiveCfg = Release|Win32
		{7730D122-F863-4A5C-8FEB-C30E33FAB8E8}.Release|x86.Build.0 = Release|Win32
		{5DD092C3-7B02-4C24-AD00-096711C36337}.Debug|x64.ActiveCfg = Debug|x64
		{5DD092C3-7B02-4C24-AD00-096711C36337}.Debug|x64.Build.0 = Debug|x64
		{5DD092C3-7B02-4C24-AD00-096711C36337}.Debug|x86.ActiveCfg = Debug|Win32
		{5DD092C3-7B02-4C24-AD00-096711C36337}.Debug|x86.Build.0 = Debug|Win32
		{5DD092C3-7B02-4C24-AD00-096711C36337}.Release|x64.ActiveCfg = Release|x64
		{5DD092C3-7B02-4C24-AD00-096711C36337}.Release|x64.Build.0 = Release|x64
		{5DD092C3-7B02-4C24-AD00-096711C36337}.Release|x86.ActiveCfg = Release|Win32
		{5DD092C3-7B02-4C24-AD00-096711C36337}.Release|x86.Build.0 = Release|Win32
		{E3EF7E69-3F01-4571-99A4-E1AB5CAC1267}.Debug|x64.ActiveCfg = Debug|x64
		{E3EF7E69-3F01-4571-99A4-E1AB5CAC1267}.Debug|x64.Build.0 = Debug|x64
		{E3EF7E69-3F01-4571-99A4-E1AB5CAC1267}.Debug|x86.ActiveCfg = Debug|Win32
		{E3EF7E69-3F01-4571-99A4-E1AB5CAC1267}.Debug|x86.Build.0 = Debug|Win32
		{E3EF7E69-3F01-4571-99A4-E1AB5CAC1267}.Release|x64.ActiveCfg = Release|x64
		{E3EF7E69-3F01-4571-99A4-E1AB5CAC1267}.Release|x64.Build.0 = Release|x64
		{E3EF7E69-3F01-4571-99A4-E1AB5CAC1267}.Release|x86.ActiveCfg = Release|Win32
		{E3EF7E69-3F01-4571-99A4-E1AB5CAC1267}.Release|x86.Build.0 = Release|Win32
		{12601D44-930E-4B6F-BB98-753EDD6BE591}.Debug|x64.ActiveCfg = Debug|x64
		{12601D44-930E-4B6F-BB98-753EDD6BE591}.Debug|x64.Build.0 = Debug|x64
		{12601D44-930E-4B6F-BB98-753EDD6BE591}.Debug|x86.ActiveCfg = Debug|Win32
		{12601D44-930E-4B6F-BB98-753EDD6BE591}.Debug|x86.Build.0 = Debug|Win32
		{12601D44-930E-4B6F-BB98-753EDD6BE591}.Release|x64.ActiveCfg = Release|x64
		{12601D44-930E-4B6F-BB98-753EDD6BE591}.Release|x64.Build.0 = Release|x64
		{12601D44-930E-4B6F-BB98-753EDD6BE591}.Release|x86.ActiveCfg = Release|Win32
		{12601D44-930E-4B6F-BB98-753EDD6BE591}.Release|x86.Build.0 = Release|Win32
		{182BEC05-FF13-4133-9FEC-289810DCCC3D}.Debug|x64.ActiveCfg = Debug|x64
		{182BEC05-FF13-4133-9FEC-289810DCCC3D}.Debug|x64.Build.0 = Debug|x64
		{182BEC05-FF13-4133-9FEC-289810DCCC3D}.Debug|x86.ActiveCfg = Debug|Win32
		{182BEC05-FF13-4133-9FEC-289810DCCC3D}.Debug|x86.Build.0 = Debug|Win32
		{182BEC05-FF13-4133-9FEC-289810DCCC3D}.Release|x64.ActiveCfg = Release|x64
		{182BEC05-FF13-4133-9FEC-289810DCCC3D}.Release|x64.Build.0 = Release|x64
		{182BEC05-FF13-4133-9FEC-289810DCCC3D}.Release|x86.ActiveCfg = Release|Win32
		{182BEC05-FF13-4133-9FEC-289810DCCC3D}.Release|x86.Build.0 = Release|Win32
		{9A86D082-C1FA-42D1-B0CD-29F4B65A174A}.Debug|x64.ActiveCfg = Debug|x64
		{9A86D082-C1FA-42D1-B0CD-29F4B65A174A}.Debug|x64.Build.0 = Debug|x64
		{9A86D082-C1FA-42D1-B0CD-29F4B65A174A}.Debug|x86.ActiveCfg = Debug|Win32
		{9A86D082-C1FA-42D1-B0CD-29F4B65A174A}.Debug|x86.Build.0 = Debug|Win32
		{9A86D082-C1FA-42D1-B0CD-29F4B65A174A}.Release|x64.ActiveCfg = Release|x64
		{9A86D082-C1FA-42D1-B0CD-29F4B65A174A}.Release|x64.Build.0 = Release|x64
		{9A86D082-C1FA-42D1-B0CD-29F4B65A174A}.Release|x86.ActiveCfg = Release|Win32
		{9A86D082-C1FA-42D1-B0CD-29F4B65A174A}.Release|x86.Build.0 = Release|Win32
		{2E86C722-4B5E-4C2D-8452-BDF615FFEDE8}.Debug|x64.ActiveCfg = Debug|x64
		{2E86C722-4B5E-4C2D-8452-BDF615FFEDE8}.Debug|x64.Build.0 = Debug|x64
		{2E86C722-4B5E-4C2D-8452-BDF615FFEDE8}.Debug|x86.ActiveCfg = Debug|Win32
		{2E86C722-4B5E-4C2D-8452-BDF615FFEDE8}.Debug|x86.Build.0 = Debug|Win32
		{2E86C722-4B5E-4C2D-8452-BDF615FFEDE8}.Release|x64.ActiveCfg = Release|x64
		{2E86C722-4B5E-4C2D-8452-BDF615FFEDE8}.Release|x64.Build.0 = Release|x64
		{2E86C722-4B5E-4C2D-8452-BDF615FFEDE8}.Release|x86.ActiveCfg = Release|Win32
		{2E86C722-4B5E-4C2D-8452-BDF615FFEDE8}.Release|x86.Build.0 = Release|Win32
		{4DC9462B-22A9-4415-BBCD-2EF0B0648F58}.Debug|x64.ActiveCfg = Debug|x64
		{4DC9462B-22A9-4415-BBCD-2EF0B0648F58}.Debug|x64.Build.0 = Debug|x64
		{4DC9462B-22A9-4415-BBCD-2EF0B0648F58}.Debug|x86.ActiveCfg = Debug|Win32
		{4DC9462B-22A9-4415-BBCD-2EF0B0648F58}.Debug|x86.Build.0 = Debug|Win32
		{4DC9462B-22A9-4415-BBCD-2EF0B0648F58}.Release|x64.ActiveCfg = Release|x64
		{4DC9462B-22A9-4415-BBCD-2EF0B0648F58}.Release|x64.Build.0 = Release|x64
		{4DC9462B-22A9-4415-BBCD-2EF0B0648F58}.Release|x86.ActiveCfg = Release|Win32
		{4DC9462B-22A9-4415-BBCD-2EF0B0648F58}.Release|x86.Build.0 = Release|Win32
		{6B25A1B9-D003-433C-A1AD-8EC5EA00CBF2}.Debug|x64.ActiveCfg = Debug|x64
		{6B25A1B9-D003-433C-A1AD-8EC5EA00CBF2}.Debug|x64.Build.0 = Debug|x64
		{6B25A1B9-D003-433C-A1AD-8EC5EA00CBF2}.Debug|x86.ActiveCfg = Debug|Win32
		{6B25A1B9-D003-433C-A1AD-8EC5EA00CBF2}.Debug|x86.Build.0 = Debug|Win32
		{6B25A1B9-D003-433C-A1AD-8EC5EA00CBF2}.Release|x64.ActiveCfg = Release|x64
		{6B25A1B9-D003-433C-A1AD-8EC5EA00CBF2}.Release|x64.Build.0 = Release|x64
		{6B25A1B9-D003-433C-A1AD-8EC5EA00CBF2}.Release|x86.ActiveCfg = Release|Win32
		{6B25A1B9-D003-433C-A1AD-8EC5EA00CBF2}.Release|x86.Build.0 = Release|Win32
		{939D781F-1CDD-45B2-A818-F2B05503F231}.Debug|x64.ActiveCfg = Debug|x64
		{939D781F-1CDD-45B2-A818-F2B05503F231}.Debug|x64.Build.0 = Debug|x64
		{939D781F-1CDD-45B2-A818-F2B05503F231}.Debug|x86.ActiveCfg = Debug|Win32
		{939D781F-1CDD-45B2-A818-F2B05503F231}.Debug|x86.Build.0 = Debug|Win32
		{939D781F-1CDD-45B2-A818-F2B05503F231}.Release|x64.ActiveCfg = Release|x64
		{939D781F-1CDD-45B2-A818-F2B05503F231}.Release|x64.Build.0 = Release|x64
		{939D781F-1CDD-45B2-A818-F2B05503F231}.Release|x86.ActiveCfg = Release|Win32
		{939D781F-1CDD-45B2-A818-F2B05503F231}.Release|x86.Build.0 = Release|Win32
		{27A20322-F4FC-438E-A871-42745AA3E29F}.Debug|x64.ActiveCfg = Debug|x64
		{27A20322-F4FC-438E-A871-42745AA3E29F}.Debug|x64.Build.0 = Debug|x64
		{27A20322-F4FC-438E-A871-42745AA3E29F}.Debug|x86.ActiveCfg = Debug|Win32
		{27A20322-F4FC-438E-A871-42745AA3E29F}.Debug|x86.Build.0 = Debug|Win32
		{27A20322-F4FC-438E-A871-42745AA3E29F}.Release|x64.ActiveCfg = Release|x64
		{27A20322-F4FC-438E-A871-42745AA3E29F}.Release|x64.Build.0 = Release|x64
		{27A20322-F4FC-438E-A871-42745AA3E29F}.Release|x86.ActiveCfg = Release|Win32
		{27A20322-F4FC-438E-A871-42745AA3E29F}.Release|x86.Build.0 = Release|Win32
		{47A1D87F-4C52-4343-924D-CC249D825009}.Debug|x64.ActiveCfg = Debug|x64
		{47A1D87F-4C52-4343-924D-CC249D825009}.Debug|x64.Build.0 = Debug|x64
		{47A1D87F-4C52-4343-924D-CC249D825009}.Debug|x86.ActiveCfg = Debug|Win32
		{47A1D87F-4C52-4343-924D-CC249D825009}.Debug|x86.Build.0 = Debug|Win32
		{47A1D87F-4C52-4343-924D-CC249D825009}.Release|x64.ActiveCfg = Release|x64
		{47A1D87F-4C52-4343-924D-CC249D825009}.Release|x64.Build.0 = Release|x64
		{47A1D87F-4C52-4343-924D-CC249D825009}.Release|x86.ActiveCfg = Release|Win32
		{47A1D87F-4C52-4343-924D-CC249D825009}.Release|x86.Build.0 = Release|Win32
		{224103CB-1A28-4008-A384-6AD9BA97440B}.Debug|x64.ActiveCfg = Debug|x64
		{224103CB-1A28-4008-A384-6AD9BA97440B}.Debug|x64.Build.0 = Debug|x64
		{224103CB-1A28-4008-A384-6AD9BA97440B}.Debug|x86.ActiveCfg = Debug|Win32
		{224103CB-1A28-4008-A384-6AD9BA97440B}.Debug|x86.Build.0 = Debug|Win32
		{224103CB-1A28-4008-A384-6AD9BA97440B}.Release|x64.ActiveCfg = Release|x64
		{224103CB-1A28-4008-A384-6AD9BA97440B}.Release|x64.Build.0 = Release|x64
		{224103CB-1A28-4008-A384-6AD9BA97440B}.Release|x86.ActiveCfg = Release|Win32
		{224103CB-1A28-4008-A384-6AD9BA97440B}.Release|x86.Build.0 = Release|Win32
		{9D89BFAA-9505-4319-B8E9-2119B84D9FAC}.Debug|x64.ActiveCfg = Debug|x64
		{9D89BFAA-9505-4319-B8E9-2119B84D9FAC}.Debug|x64.Build.0 = Debug|x64
		{9D89BFAA-9505-4319-B8E9-2119B84D9FAC}.Debug|x86.ActiveCfg = Debug|Win32
		{9D89BFAA-9505-4319-B8E9-2119B84D9FAC}.Debug|x86.Build.0 = Debug|Win32
		{9D89BFAA-9505-4319-B8E9-2119B84D9FAC}.Release|x64.ActiveCfg = Release|x64
		{9D89BFAA-9505-4319-B8E9-2119B84D9FAC}.Release|x64.Build.0 = Release|x64
		{9D89BFAA-9505-4319-B8E9-2119B84D9FAC}.Release|x86.ActiveCfg = Release|Win32
		{9D89BFAA-9505-4319-B8E9-2119B84D9FAC}.Release|x86.Build.0 = Release|Win32
		{07CCB272-DD7D-410E-B1F8-783BA374DB1B}.Debug|x64.ActiveCfg = Debug|x64
		{07CCB272-DD7D-410E-B1F8-783BA374DB1B}.Debug|x64.Build.0 = Debug|x64
		{07CCB272-DD7D-410E-B1F8-783BA374DB1B}.Debug|x86.ActiveCfg = Debug|Win32
		{07CCB272-DD7D-410E-B1F8-783BA374DB1B}.Debug|x86.Build.0 = Debug|Win32
		{07CCB272-DD7D-410E-B1F8-783BA374DB1B}.Release|x64.ActiveCfg = Release|x64
		{07CCB272-DD7D-410E-B1F8-783BA374DB1B}.Release|x64.Build.0 = Release|x64
		{07CCB272-DD7D-410E-B1F8-783BA374DB1B}.Release|x86.ActiveCfg = Release|Win32
		{07CCB272-DD7D-410E-B1F8-783BA374DB1B}.Release|x86.Build.0 = Release|Win32
		{415602AC-9ED0-4A57-84E2-8430C343004C}.Debug|x64.ActiveCfg = Debug|x64
		{415602AC-9ED0-4A57-84E2-8430C343004C}.Debug|x64.Build.0 = Debug|x64
		{415602AC-9ED0-4A57-84E2-8430C343004C}.Debug|x86.ActiveCfg = Debug|Win32
		{415602AC-9ED0-4A57-84E2-8430C343004C}.Debug|x86.Build.0 = Debug|Win32
		{415602AC-9ED0-4A57-84E2-8430C343004C}.Release|x64.ActiveCfg = Release|x64
		{415602AC-9ED0-4A57-84E2-8430C343004C}.Release|x64.Build.0 = Release|x64
		{415602AC-9ED0-4A57-84E2-8430C343004C}.Release|x86.ActiveCfg = Release|Win32
		{415602AC-9ED0-4A57-84E2-8430C343004C}.Release|x86.Build.0 = Release|Win32
		{70DCD7B1-5F36-49B3-A4DA-F5E2CA9A44B7}.Debug|x64.ActiveCfg = Debug|x64
		{70DCD7B1-5F36-49B3-A4DA-F5E2CA9A44B7}.Debug|x64.Build.0 = Debug|x64
		{70DCD7B1-5F36-49B3-A4DA-F5E2CA9A44B7}.Debug|x86.ActiveCfg = Debug|Win32
		{70DCD7B1-5F36-49B3-A4DA-F5E2CA9A44B7}.Debug|x86.Build.0 = Debug|Win32
		{70DCD7B1-5F36-49B3-A4DA-F5E2CA9A44B7}.Release|x64.ActiveCfg = Release|x64
		{70DCD7B1-5F36-49B3-A4DA-F5E2CA9A44B7}.Release|x64.Build.0 = Release|x64
		{70DCD7B1-5F36-49B3-A4DA-F5E2CA9A44B7}.Release|x86.ActiveCfg = Release|Win32
		{70DCD7B1-5F36-49B3-A4DA-F5E2CA9A44B7}.Release|x86.Build.0 = Release|Win32
		{AB5069EF-604B-475E-8EF5-2F617709BE64}.Debug|x64.ActiveCfg = Debug|x64
		{AB5069EF-604B-475E-8EF5-2F617709BE64}.Debug|x64.Build.0 = Debug|x64
		{AB5069EF-604B-475E-8EF5-2F617709BE64}.Debug|x86.ActiveCfg = Debug|Win32
		{AB5069EF-604B-475E-8EF5-2F617709BE64}.Debug|x86.Build.0 = Debug|Win32
		{AB5069EF-604B-475E-8EF5-2F617709BE64}.Release|x64.ActiveCfg = Release|x64
		{AB5069EF-604B-475E-8EF5-2F617709BE64}.Release|x64.Build.0 = Release|x64
		{AB5069EF-604B-475E-8EF5-2F617709BE64}.Release|x86.ActiveCfg = Release|Win32
		{AB5069EF-604B-475E-8EF5-2F617709BE64}.Release|x86.Build.0 = Release|Win32
		{787260B6-C3C3-4DD3-BB09-6537BDA66E2C}.Debug|x64.ActiveCfg = Debug|x64
		{787260B6-C3C3-4DD3-BB09-6537BDA66E2C}.Debug|x64.Build.0 = Debug|x64
		{787260B6-C3C3-4DD3-BB09-6537BDA66E2C}.Debug|x86.ActiveCfg = Debug|Win32
		{787260B6-C3C3-4DD3-BB09-6537BDA66E2C}.Debug|x86.Build.0 = Debug|Win32
		{787260B6-C3C3-4DD3-BB09-6537BDA66E2C}.Release|x64.ActiveCfg = Release|x64
		{787260B6-C3C3-4DD3-BB09-6537BDA66E2C}.Release|x64.Build.0 = Release|x64
		{787260B6-C3C3-4DD3-BB09-6537BDA66E2C}.Release|x86.ActiveCfg = Release|Win32
		{787260B6-C3C3-4DD3-BB09-6537BDA66E2C}.Release|x86.Build.0 = Release|Win32
		{B8BCD792-9FE7-4EF2-8867-269AACB373B7}.Debug|x64.ActiveCfg = Debug|x64
		{B8BCD792-9FE7-4EF2-8867-269AACB373B7}.Debug|x64.Build.0 = Debug|x64
		{B8BCD792-9FE7-4EF2-8867-269AACB373B7}.Debug|x86.ActiveCfg = Debug|Win32
		{B8BCD792-9FE7-4EF2-8867-269AACB373B7}.Debug|x86.Build.0 = Debug|Win32
		{B8BCD792-9FE7-4EF2-8867-269AACB373B7}.Release|x64.ActiveCfg = Release|x64
		{B8BCD792-9FE7-4EF2-8867-269AACB373B7}.Release|x64.Build.0 = Release|x64
		{B8BCD792-9FE7-4EF2-8867-269AACB373B7}.Release|x86.ActiveCfg = Release|Win32
		{B8BCD792-9FE7-4EF2-8867-269AACB373B7}.Release|x86.Build.0 = Release|Win32
		{230F1C30-9DF0-4E47-A989-47C814B97CC0}.Debug|x64.ActiveCfg = Debug|x64
		{230F1C30-9DF0-4E47-A989-47C814B97CC0}.Debug|x64.Build.0 = Debug|x64
		{230F1C30-9DF0-4E47-A989-47C814B97CC0}.Debug|x86.ActiveCfg = Debug|Win32
		{230F1C30-9DF0-4E47-A989-47C814B97CC0}.Debug|x86.Build.0 = Debug|Win32
		{230F1C30-9DF0-4E47-A989-47C814B97CC0}.Release|x64.ActiveCfg = Release|x64
		{230F1C30-9DF0-4E47-A989-47C814B97CC0}.Release|x64.Build.0 = Release|x64
		{230F1C30-9DF0-4E47-A989-47C814B97CC0}.Release|x86.ActiveCfg = Release|Win32
		{230F1C30-9DF0-4E47-A989-47C814B97CC0}.Release|x86.Build.0 = Release|Win32
		{125CB8E3-014A-45EB-AA5C-BFF23445398A}.Debug|x64.ActiveCfg = Debug|x64
		{125CB8E3-014A-45EB-AA5C-BFF23445398A}.Debug|x64.Build.0 = Debug|x64
		{125CB8E3-014A-45EB-AA5C-BFF23445398A}.Debug|x86.ActiveCfg = Debug|Win32
		{125CB8E3-014A-45EB-AA5C-BFF23445398A}.Debug|x86.Build.0 = Debug|Win32
		{125CB8E3-014A-45EB-AA5C-BFF23445398A}.Release|x64.ActiveCfg = Release|x64
		{125CB8E3-014A-45EB-AA5C-BFF23445398A}.Release|x64.Build.0 = Release|x64
		{125CB8E3-014A-45EB-AA5C-BFF23445398A}.Release|x86.ActiveCfg = Release|Win32
		{125CB8E3-014A-45EB-AA5C-BFF23445398A}.Release|x86.Build.0 = Release|Win32
		{29045973-1841-4B83-8A6F-812546868052}.Debug|x64.ActiveCfg = Debug|x64
		{29045973-1841-4B83-8A6F-812546868052}.Debug|x64.Build.0 = Debug|x64
		{29045973-1841-4B83-8A6F-812546868052}.Debug|x86.ActiveCfg = Debug|Win32
		{29045973-1841-4B83-8A6F-812546868052}.Debug|x86.Build.0 = Debug|Win32
		{29045973-1841-4B83-8A6F-812546868052}.Release|x64.ActiveCfg = Release|x64
		{29045973-1841-4B83-8A6F-812546868052}.Release|x64.Build.0 = Release|x64
		{29045973-1841-4B83-8A6F-812546868052}.Release|x86.ActiveCfg = Release|Win32
		{29045973-1841-4B83-8A6F-812546868052}.Release|x86.Build.0 = Release|Win32
		{C62ECB37-0368-4524-B7D2-C8AD43B3AFD5}.Debug|x64.ActiveCfg = Debug|x64
		{C62ECB37-0368-4524-B7D2-C8AD43B3AFD5}.Debug|x64.Build.0 = Debug|x64
		{C62ECB37-0368-4524-B7D2-C8AD43B3AFD5}.Debug|x86.ActiveCfg = Debug|Win32
		{C62ECB37-0368-4524-B7D2-C8AD43B3AFD5}.Debug|x86.Build.0 = Debug|Win32
		{C62ECB37-0368-4524-B7D2-C8AD43B3AFD5}.Release|x64.ActiveCfg = Release|x64
		{C62ECB37-0368-4524-B7D2-C8AD43B3AFD5}.Release|x64.Build.0 = Release|x64
		{C62ECB37-0368-4524-B7D2-C8AD43B3AFD5}.Release|x86.ActiveCfg = Release|Win32
		{C62ECB37-0368-4524-B7D2-C8AD43B3AFD5}.Release|x86.Build.0 = Release|Win32
		{DF627983-3C69-4350-BC7D-D434F40217E8}.Debug|x64.ActiveCfg = Debug|x64
		{DF627983-3C69-4350-BC7D-D434F40217E8}.Debug|x64.Build.0 = Debug|x64
		{DF627983-3C69-4350-BC7D-D434F40217E8}.Debug|x86.ActiveCfg = Debug|Win32
		{DF627983-3C69-4350-BC7D-D434F40217E8}.Debug|x86.Build.0 = Debug|Win32
		{DF627983-3C69-4350-BC7D-D434F40217E8}.Release|x64.ActiveCfg = Release|x64
		{DF627983-3C69-4350-BC7D-D434F40217E8}.Release|x64.Build.0 = Release|x64
		{DF627983-3C69-4350-BC7D-D434F40217E8}.Release|x86.ActiveCfg = Release|Win32
		{DF627983-3C69-4350-BC7D-D434F40217E8}.Release|x86.Build.0 = Release|Win32
		{ADDF4592-D6E2-41D5-BFA8-8B4AAB7689FB}.Debug|x64.ActiveCfg = Debug|x64
		{ADDF4592-D6E2-41D5-BFA8-8B4AAB7689FB}.Debug|x64.Build.0 = Debug|x64
		{ADDF4592-D6E2-41D5-BFA8-8B4AAB7689FB}.Debug|x86.ActiveCfg = Debug|Win32
		{ADDF4592-D6E2-41D5-BFA8-8B4AAB7689FB}.Debug|x86.Build.0 = Debug|Win32
		{ADDF4592-D6E2-41D5-BFA8-8B4AAB7689FB}.Release|x64.ActiveCfg = Release|x64
		{ADDF4592-D6E2-41D5-BFA8-8B4AAB7689FB}.Release|x64.Build.0 = Release|x64
		{ADDF4592-D6E2-41D5-BFA8-8B4AAB7689FB}.Release|x86.ActiveCfg = Release|Win32
		{ADDF4592-D6E2-41D5-BFA8-8B4AAB7689FB}.Release|x86.Build.0 = Release|Win32
		{78184081-13BD-4B8B-BA72-DA5BAFD2CDEE}.Debug|x64.ActiveCfg = Debug|x64
		{78184081-13BD-4B8B-BA72-DA5BAFD2CDEE}.Debug|x64.Build.0 = Debug|x64
		{78184081-13BD-4B8B-BA72-DA5BAFD2CDEE}.Debug|x86.ActiveCfg = Debug|Win32
		{78184081-13BD-4B8B-BA72-DA5BAFD2CDEE}.Debug|x86.Build.0 = Debug|Win32
		{78184081-13BD-4B8B-BA72-DA5BAFD2CDEE}.Release|x64.ActiveCfg = Release|x64
		{78184081-13BD-4B8B-BA72-DA5BAFD2CDEE}.Release|x64.Build.0 = Release|x64
		{78184081-13BD-4B8B-BA72-DA5BAFD2CDEE}.Release|x86.ActiveCfg = Release|Win32
		{78184081-13BD-4B8B-BA72-DA5BAFD2CDEE}.Release|x86.Build.0 = Release|Win32
		{4B87C3CD-3B33-488B-AF68-1A9C8443A0D6}.Debug|x64.ActiveCfg = Debug|x64
		{4B87C3CD-3B33-488B-AF68-1A9C8443A0D6}.Debug|x64.Build.0 = Debug|x64
		{4B87C3CD-3B33-488B-AF68-1A9C8443A0D6}.Debug|x86.ActiveCfg = Debug|Win32
		{4B87C3CD-3B33-488B-AF68-1A9C8443A0D6}.Debug|x86.Build.0 = Debug|Win32
		{4B87C3CD-3B33-488B-AF68-1A9C8443A0D6}.Release|x64.ActiveCfg = Release|x64
		{4B87C3CD-3B33-488B-AF68-1A9C8443A0D6}.Release|x64.Build.0 = Release|x64
		{4B87C3CD-3B33-488B-AF68-1A9C8443A0D6}.Release|x86.ActiveCfg = Release|Win32
		{4B87C3CD-3B33-488B-AF68-1A9C8443A0D6}.Release|x86.Build.0 = Release|Win32
		{5F4B5DA6-9CD6-441F-A874-745A238D3634}.Debug|x64.ActiveCfg = Debug|x64
		{5F4B5DA6-9CD6-441F-A874-745A238D3634}.Debug|x64.Build.0 = Debug|x64
		{5F4B5DA6-9CD6-441F-A874-745A238D3634}.Debug|x86.ActiveCfg = Debug|Win32
		{5F4B5DA6-9CD6-441F-A874-745A238D3634}.Debug|x86.Build.0 = Debug|Win32
		{5F4B5DA6-9CD6-441F-A874-745A238D3634}.Release|x64.ActiveCfg = Release|x64
		{5F4B5DA6-9CD6-441F-A874-745A238D3634}.Release|x64.Build.0 = Release|x64
		{5F4B5DA6-9CD6-441F-A874-745A238D3634}.Release|x86.ActiveCfg = Release|Win32
		{5F4B5DA6-9CD6-441F-A874-745A238D3634}.Release|x86.Build.0 = Release|Win32
		{B18AEA6C-B318-4D57-A4B7-56DB970AEB9A}.Debug|x64.ActiveCfg = Debug|x64
		{B18AEA6C-B318-4D57-A4B7-56DB970AEB9A}.Debug|x64.Build.0 = Debug|x64
		{B18AEA6C-B318-4D57-A4B7-56DB970AEB9A}.Debug|x86.ActiveCfg = Debug|Win32
		{B18AEA6C-B318-4D57-A4B7-56DB970AEB9A}.Debug|x86.Build.0 = Debug|Win32
		{B18AEA6C-B318-4D57-A4B7-56DB970AEB9A}.Release|x64.ActiveCfg = Release|x64
		{B18AEA6C-B318-4D57-A4B7-56DB970AEB9A}.Release|x64.Build.0 = Release|x64
		{B18AEA6C-B318-4D57-A4B7-56DB970AEB9A}.Release|x86.ActiveCfg = Release|Win32
		{B18AEA6C-B318-4D57-A4B7-56DB970AEB9A}.Release|x86.Build.0 = Release|Win32
		{757C02B9-A07A-4229-86E1-1294A4D540CD}.Debug|x64.ActiveCfg = Debug|x64
		{757C02B9-A07A-4229-86E1-1294A4D540CD}.Debug|x64.Build.0 = Debug|x64
		{757C02B9-A07A-4229-86E1-1294A4D540CD}.Debug|x86.ActiveCfg = Debug|Win32
		{757C02B9-A07A-4229-86E1-1294A4D540CD}.Debug|x86.Build.0 = Debug|Win32
		{757C02B9-A07A-4229-86E1-1294A4D540CD}.Release|x64.ActiveCfg = Release|x64
		{757C02B9-A07A-4229-86E1-1294A4D540CD}.Release|x64.Build.0 = Release|x64
		{757C02B9-A07A-4229-86E1-1294A4D540CD}.Release|x86.ActiveCfg = Release|Win32
		{757C02B9-A07A-4229-86E1-1294A4D540CD}.Release|x86.Build.0 = Release|Win32
		{D89A4BC0-C2AE-438D-A26E-97BC4EA9D635}.Debug|x64.ActiveCfg = Debug|x64
		{D89A4BC0-C2AE-438D-A26E-97BC4EA9D635}.Debug|x64.Build.0 = Debug|x64
		{D89A4BC0-C2AE-438D-A26E-97BC4EA9D635}.Debug|x86.ActiveCfg = Debug|Win32
		{D89A4BC0-C2AE-438D-A26E-97BC4EA9D635}.Debug|x86.Build.0 = Debug|Win32
		{D89A4BC0-C2AE-438D-A26E-97BC4EA9D635}.Release|x64.ActiveCfg = Release|x64
		{D89A4BC0-C2AE-438D-A26E-97BC4EA9D635}.Release|x64.Build.0 = Release|x64
		{D89A4BC0-C2AE-438D-A26E-97BC4EA9D635}.Release|x86.ActiveCfg = Release|Win32
		{D89A4BC0-C2AE-438D-A26E-97BC4EA9D635}.Release|x86.Build.0 = Release|Win32
		{FD097042-364A-4558-9A1F-EB6C0BAD2F72}.Debug|x64.ActiveCfg = Debug|x64
		{FD097042-364A-4558-9A1F-EB6C0BAD2F72}.Debug|x64.Build.0 = Debug|x64
		{FD097042-364A-4558-9A1F-EB6C0BAD2F72}.Debug|x86.ActiveCfg = Debug|Win32
		{FD097042-364A-4558-9A1F-EB6C0BAD2F72}.Debug|x86.Build.0 = Debug|Win32
		{FD097042-364A-4558-9A1F-EB6C0BAD2F72}.Release|x64.ActiveCfg = Release|x64
		{FD097042-364A-4558-9A1F-EB6C0BAD2F72}.Release|x64.Build.0 = Release|x64
		{FD097042-364A-4558-9A1F-EB6C0BAD2F72}.Release|x86.ActiveCfg = Release|Win32
		{FD097042-364A-4558-9A1F-EB6C0BAD2F72}.Release|x86.Build.0 = Release|Win32
		{768A5B42-8FA9-42AC-92F4-B52CAF3593D0}.Debug|x64.ActiveCfg = Debug|x64
		{768A5B42-8FA9-42AC-92F4-B52CAF3593D0}.Debug|x64.Build.0 = Debug|x64
		{768A5B42-8FA9-42AC-92F4-B52CAF3593D0}.Debug|x86.ActiveCfg = Debug|Win32
		{768A5B42-8FA9-42AC-92F4-B52CAF3593D0}.Debug|x86.Build.0 = Debug|Win32
		{768A5B42-8FA9-42AC-92F4-B52CAF3593D0}.Release|x64.ActiveCfg = Release|x64
		{768A5B42-8FA9-42AC-92F4-B52CAF3593D0}.Release|x64.Build.0 = Release|x64
		{768A5B42-8FA9-42AC-92F4-B52CAF3593D0}.Release|x86.ActiveCfg = Release|Win32
		{768A5B42-8FA9-42AC-92F4-B52CAF3593D0}.Release|x86.Build.0 = Release|Win32
		{5997F501-A277-4C54-B052-B4E7AC141E4B}.Debug|x64.ActiveCfg = Debug|x64
		{5997F501-A277-4C54-B052-B4E7AC141E4B}.Debug|x64.Build.0 = Debug|x64
		{5997F501-A277-4C54-B052-B4E7AC141E4B}.Debug|x86.ActiveCfg = Debug|Win32
		{5997F501-A277-4C54-B052-B4E7AC141E4B}.Debug|x86.Build.0 = Debug|Win32
		{5997F501-A277-4C54-B052-B4E7AC141E4B}.Release|x64.ActiveCfg = Release|x64
		{5997F501-A277-4C54-B052-B4E7AC141E4B}.Release|x64.Build.0 = Release|x64
		{5997F501-A277-4C54-B052-B4E7AC141E4B}.Release|x86.ActiveCfg = Release|Win32
		{5997F501-A277-4C54-B052-B4E7AC141E4B}.Release|x86.Build.0 = Release|Win32
		{32FF9F6B-C01A-4BBE-A962-4766AE30A385}.Debug|x64.ActiveCfg = Debug|x64
		{32FF9F6B-C01A-4BBE-A962-4766AE30A385}.Debug|x64.Build.0 = Debug|x64
		{32FF9F6B-C01A-4BBE-A962-4766AE30A385}.Debug|x86.ActiveCfg = Debug|Win32
		{32FF9F6B-C01A-4BBE-A962-4766AE30A385}.Debug|x86.Build.0 = Debug|Win32
		{32FF9F6B-C01A-4BBE-A962-4766AE30A385}.Release|x64.ActiveCfg = Release|x64
		{32FF9F6B-C01A-4BBE-A962-4766AE30A385}.Release|x64.Build.0 = Release|x64
		{32FF9F6B-C01A-4BBE-A962-4766AE30A385}.Release|x86.ActiveCfg = Release|Win32
		{32FF9F6B-C01A-4BBE-A962-4766AE30A385}.Release|x86.Build.0 = Release|Win32
		{57ED4486-8B6E-4E61-8DEB-2D845A3FBB7E}.Debug|x64.ActiveCfg = Debug|x64
		{57ED4486-8B6E-4E61-8DEB-2D845A3FBB7E}.Debug|x64.Build.0 = Debug|x64
		{57ED4486-8B6E-4E61-8DEB-2D845A3FBB7E}.Debug|x86.ActiveCfg = Debug|Win32
		{57ED4486-8B6E-4E61-8DEB-2D845A3FBB7E}.Debug|x86.Build.0 = Debug|Win32
		{57ED4486-8B6E-4E61-8DEB-2D845A3FBB7E}.Release|x64.ActiveCfg = Release|x64
		{57ED4486-8B6E-4E61-8DEB-2D845A3FBB7E}.Release|x64.Build.0 = Release|x64
		{57ED4486-8B6E-4E61-8DEB-2D845A3FBB7E}.Release|x86.ActiveCfg = Release|Win32
		{57ED4486-8B6E-4E61-8DEB-2D845A3FBB7E}.Release|x86.Build.0 = Release|Win32
		{6EA14F11-47E9-4B6C-BC8D-D4D31A217414}.Debug|x64.ActiveCfg = Debug|x64
		{6EA14F11-47E9-4B6C-BC8D-D4D31A217414}.Debug|x64.Build.0 = Debug|x64
		{6EA14F11-47E9-4B6C-BC8D-D4D31A217414}.Debug|x86.ActiveCfg = Debug|Win32
		{6EA14F11-47E9-4B6C-BC8D-D4D31A217414}.Debug|x86.Build.0 = Debug|Win32
		{6EA14F11-47E9-4B6C-BC8D-D4D31A217414}.Release|x64.ActiveCfg = Release|x64
		{6EA14F11-47E9-4B6C-BC8D-D4D31A217414}.Release|x64.Build.0 = Release|x64
		{6EA14F11-47E9-4B6C-BC8D-D4D31A217414}.Release|x86.ActiveCfg = Release|Win32
		{6EA14F11-47E9-4B6C-BC8D-D4D31A217414}.Release|x86.Build.0 = Release|Win32
		{DA87C3DA-6D5A-468B-AF64-2D8E54A4D8D3}.Debug|x64.ActiveCfg = Debug|x64
		{DA87C3DA-6D5A-468B-AF64-2D8E54A4D8D3}.Debug|x64.Build.0 = Debug|x64
		{DA87C3DA-6D5A-468B-AF64-2D8E54A4D8D3}.Debug|x86.ActiveCfg = Debug|Win32
		{DA87C3DA-6D5A-468B-AF64-2D8E54A4D8D3}.Debug|x86.Build.0 = Debug|Win32
		{DA87C3DA-6D5A-468B-AF64-2D8E54A4D8D3}.Release|x64.ActiveCfg = Release|x64
		{DA87C3DA-6D5A-468B-AF64-2D8E54A4D8D3}.Release|x64.Build.0 = Release|x64
		{DA87C3DA-6D5A-468B-AF64-2D8E54A4D8D3}.Release|x86.ActiveCfg = Release|Win32
		{DA87C3DA-6D5A-468B-AF64-2D8E54A4D8D3}.Release|x86.Build.0 = Release|Win32
		{94CFD02D-2E6F-4C9B-9DE1-4262A36C8E59}.Debug|x64.ActiveCfg = Debug|x64
		{94CFD02D-2E6F-4C9B-9DE1-4262A36C8E59}.Debug|x64.Build.0 = Debug|x64
		{94CFD02D-2E6F-4C9B-9DE1-4262A36C8E59}.Debug|x86.ActiveCfg = Debug|Win32
		{94CFD02D-2E6F-4C9B-9DE1-4262A36C8E59}.Debug|x86.Build.0 = Debug|Win32
		{94CFD02D-2E6F-4C9B-9DE1-4262A36C8E59}.Release|x64.ActiveCfg = Release|x64
		{94CFD02D-2E6F-4C9B-9DE1-4262A36C8E59}.Release|x64.Build.0 = Release|x64
		{94CFD02D-2E6F-4C9B-9DE1-4262A36C8E59}.Release|x86.ActiveCfg = Release|Win32
		{94CFD02D-2E6F-4C9B-9DE1-4262A36C8E59}.Release|x86.Build.0 = Release|Win32
		{864B9FF5-C971-483A-AE66-C9C8762B053E}.Debug|x64.ActiveCfg = Debug|x64
		{864B9FF5-C971-483A-AE66-C9C8762B053E}.Debug|x64.Build.0 = Debug|x64
		{864B9FF5-C971-483A-AE66-C9C8762B053E}.Debug|x86.ActiveCfg = Debug|Win32
		{864B9FF5-C971-483A-AE66-C9C8762B053E}.Debug|x86.Build.0 = Debug|Win32
		{864B9FF5-C971-483A-AE66-C9C8762B053E}.Release|x64.ActiveCfg = Release|x64
		{864B9FF5-C971-483A-AE66-C9C8762B053E}.Release|x64.Build.0 = Release|x64
		{864B9FF5-C971-483A-AE66-C9C8762B053E}.Release|x86.ActiveCfg = Release|Win32
		{864B9FF5-C971-483A-AE66-C9C8762B053E}.Release|x86.Build.0 = Release|Win32
		{F3991D67-9247-4FD1-A789-056B36B571EB}.Debug|x64.ActiveCfg = Debug|x64
		{F3991D67-9247-4FD1-A789-056B36B571EB}.Debug|x64.Build.0 = Debug|x64
		{F3991D67-9247-4FD1-A789-056B36B571EB}.Debug|x86.ActiveCfg = Debug|Win32
		{F3991D67-9247-4FD1-A789-056B36B571EB}.Debug|x86.Build.0 = Debug|Win32
		{F3991D67-9247-4FD1-A789-056B36B571EB}.Release|x64.ActiveCfg = Release|x64
		{F3991D67-9247-4FD1-A789-056B36B571EB}.Release|x64.Build.0 = Release|x64
		{F3991D67-9247-4FD1-A789-056B36B571EB}.Release|x86.ActiveCfg = Release|Win32
		{F3991D67-9247-4FD1-A789-056B36B571EB}.Release|x86.Build.0 = Release|Win32
		{8AF03069-FB77-4A77-A5DD-478D2D46EBD4}.Debug|x64.ActiveCfg = Debug|x64
		{8AF03069-FB77-4A77-A5DD-478D2D46EBD4}.Debug|x64.Build.0 = Debug|x64
		{8AF03069-FB77-4A77-A5DD-478D2D46EBD4}.Debug|x86.ActiveCfg = Debug|Win32
		{8AF03069-FB77-4A77-A5DD-478D2D46EBD4}.Debug|x86.Build.0 = Debug|Win32
		{8AF03069-FB77-4A77-A5DD-478D2D46EBD4}.Release|x64.ActiveCfg = Release|x64
		{8AF03069-FB77-4A77-A5DD-478D2D46EBD4}.Release|x64.Build.0 = Release|x64
		{8AF03069-FB77-4A77-A5DD-478D2D46EBD4}.Release|x86.ActiveCfg = Release|Win32
		{8AF03069-FB77-4A77-A5DD-478D2D46EBD4}.Release|x86.Build.0 = Release|Win32
		{3F14F031-A86E-4FDF-BA8D-8DFA0CCFC9E8}.Debug|x64.ActiveCfg = Debug|x64
		{3F14F031-A86E-4FDF-BA8D-8DFA0CCFC9E8}.Debug|x64.Build.0 = Debug|x64
		{3F14F031-A86E-4FDF-BA8D-8DFA0CCFC9E8}.Debug|x86.ActiveCfg = Debug|Win32
		{3F14F031-A86E-4FDF-BA8D-8DFA0CCFC9E8}.Debug|x86.Build.0 = Debug|Win32
		{3F14F031-A86E-4FDF-BA8D-8DFA0CCFC9E8}.Release|x64.ActiveCfg = Release|x64
		{3F14F031-A86E-4FDF-BA8D-8DFA0CCFC9E8}.Release|x64.Build.0 = Release|x64
		{3F14F031-A86E-4FDF-BA8D-8DFA0CCFC9E8}.Release|x86.ActiveCfg = Release|Win32
		{3F14F031-A86E-4FDF-BA8D-8DFA0CCFC9E8}.Release|x86.Build.0 = Release|Win32
		{2455CA2E-C7F2-4776-8153-2A691C5D082C}.Debug|x64.ActiveCfg = Debug|x64
		{2455CA2E-C7F2-4776-8153-2A691C5D082C}.Debug|x64.Build.0 = Debug|x64
		{2455CA2E-C7F2-4776-8153-2A691C5D082C}.Debug|x86.ActiveCfg = Debug|Win32
		{2455CA2E-C7F2-4776-8153-2A691C5D082C}.Debug|x86.Build.0 = Debug|Win32
		{2455CA2E-C7F2-4776-8153-2A691C5D082C}.Release|x64.ActiveCfg = Release|x64
		{2455CA2E-C7F2-4776-8153-2A691C5D082C}.Release|x64.Build.0 = Release|x64
		{2455CA2E-C7F2-4776-8153-2A691C5D082C}.Release|x86.ActiveCfg = Release|Win32
		{2455CA2E-C7F2-4776-8153-2A691C5D082C}.Release|x86.Build.0 = Release|Win32
		{5A1D6824-7B75-4656-AA3B-95708C7CF059}.Debug|x64.ActiveCfg = Debug|x64
		{5A1D6824-7B75-4656-AA3B-95708C7CF059}.Debug|x64.Build.0 = Debug|x64
		{5A1D6824-7B75-4656-AA3B-95708C7CF059}.Debug|x86.ActiveCfg = Debug|Win32
		{5A1D6824-7B75-4656-AA3B-95708C7CF059}.Debug|x86.Build.0 = Debug|Win32
		{5A1D6824-7B75-4656-AA3B-95708C7CF059}.Release|x64.ActiveCfg = Release|x64
		{5A1D6824-7B75-4656-AA3B-95708C7CF059}.Release|x64.Build.0 = Release|x64
		{5A1D6824-7B75-4656-AA3B-95708C7CF059}.Release|x86.ActiveCfg = Release|Win32
		{5A1D6824-7B75-4656-AA3B-95708C7CF059}.Release|x86.Build.0 = Release|Win32
		{E403F9F4-87DE-4D15-81D7-CA0D25D4536C}.Debug|x64.ActiveCfg = Debug|x64
		{E403F9F4-87DE-4D15-81D7-CA0D25D4536C}.Debug|x64.Build.0 = Debug|x64
		{E403F9F4-87DE-4D15-81D7-CA0D25D4536C}.Debug|x86.ActiveCfg = Debug|Win32
		{E403F9F4-87DE-4D15-81D7-CA0D25D4536C}.Debug|x86.Build.0 = Debug|Win32
		{E403F9F4-87DE-4D15-81D7-CA0D25D4536C}.Release|x64.ActiveCfg = Release|x64
		{E403F9F4-87DE-4D15-81D7-CA0D25D4536C}.Release|x64.Build.0 = Release|x64
		{E403F9F4-87DE-4D15-81D7-CA0D25D4536C}.Release|x86.ActiveCfg = Release|Win32
		{E403F9F4-87DE-4D15-81D7-CA0D25D4536C}.Release|x86.Build.0 = Release|Win32
	EndGlobalSection
	GlobalSection(SolutionProperties) = preSolution
		HideSolutionNode = FALSE
	EndGlobalSection
	GlobalSection(ExtensibilityGlobals) = postSolution
		SolutionGuid = {82A2419B-10C3-43AA-AB40-A73C3EEA1C06}
	EndGlobalSection
EndGlobal
