
Microsoft Visual Studio Solution File, Format Version 12.00
# Visual Studio Version 17
VisualStudioVersion = 17.14.36915.13
MinimumVisualStudioVersion = 10.0.40219.1
Project("{8BC9CEB8-8B4A-11D0-8D11-00A0C91BC942}") = "Problem1", "Problem1\Problem1.vcxproj", "{00467D3E-1E9E-481D-8C11-B7EC7A866E6C}"
EndProject
Project("{8BC9CEB8-8B4A-11D0-8D11-00A0C91BC942}") = "Problem2", "Problem2\Problem2.vcxproj", "{B4AF8008-2017-4E23-9DC8-FF35D630E369}"
EndProject
Project("{8BC9CEB8-8B4A-11D0-8D11-00A0C91BC942}") = "Problem3", "Problem3\Problem3.vcxproj", "{C991DEC2-B160-4011-A6C9-99872CD45A13}"
EndProject
Project("{8BC9CEB8-8B4A-11D0-8D11-00A0C91BC942}") = "Problem4", "Problem4\Problem4.vcxproj", "{5FC5A628-A4CD-4C21-B33A-0EBB3ED77AF4}"
EndProject
Project("{8BC9CEB8-8B4A-11D0-8D11-00A0C91BC942}") = "Problem5", "Problem5\Problem5.vcxproj", "{574B72F5-B677-4B75-855C-7024735A9D1A}"
EndProject
Project("{8BC9CEB8-8B4A-11D0-8D11-00A0C91BC942}") = "Problem6", "Problem6\Problem6.vcxproj", "{7730D122-F863-4A5C-8FEB-C30E33FAB8E8}"
EndProject
Project("{8BC9CEB8-8B4A-11D0-8D11-00A0C91BC942}") = "Problem7", "Problem7\Problem7.vcxproj", "{5DD092C3-7B02-4C24-AD00-096711C36337}"
EndProject
Project("{8BC9CEB8-8B4A-11D0-8D11-00A0C91BC942}") = "Problem8", "Problem8\Problem8.vcxproj", "{E3EF7E69-3F01-4571-99A4-E1AB5CAC1267}"
EndProject
Project("{8BC9CEB8-8B4A-11D0-8D11-00A0C91BC942}") = "Problem9", "Problem9\Problem9.vcxproj", "{12601D44-930E-4B6F-BB98-753EDD6BE591}"
EndProject
Global
	GlobalSection(SolutionConfigurationPlatforms) = preSolution
		Debug|x64 = Debug|x64
		Debug|x86 = Debug|x86
		Release|x64 = Release|x64
		Release|x86 = Release|x86
	EndGlobalSection
	GlobalSection(ProjectConfigurationPlatforms) = postSolution
		{00467D3E-1E9E-481D-8C11-B7EC7A866E6C}.Debug|x64.ActiveCfg = Debug|x64
		{00467D3E-1E9E-481D-8C11-B7EC7A866E6C}.Debug|x64.Build.0 = Debug|x64
		{00467D3E-1E9E-481D-8C11-B7EC7A866E6C}.Debug|x86.ActiveCfg = Debug|Win32
		{00467D3E-1E9E-481D-8C11-B7EC7A866E6C}.Debug|x86.Build.0 = Debug|Win32
		{00467D3E-1E9E-481D-8C11-B7EC7A866E6C}.Release|x64.ActiveCfg = Release|x64
		{00467D3E-1E9E-481D-8C11-B7EC7A866E6C}.Release|x64.Build.0 = Release|x64
		{00467D3E-1E9E-481D-8C11-B7EC7A866E6C}.Release|x86.ActiveCfg = Release|Win32
		{00467D3E-1E9E-481D-8C11-B7EC7A866E6C}.Release|x86.Build.0 = Release|Win32
		{B4AF8008-2017-4E23-9DC8-FF35D630E369}.Debug|x64.ActiveCfg = Debug|x64
		{B4AF8008-2017-4E23-9DC8-FF35D630E369}.Debug|x64.Build.0 = Debug|x64
		{B4AF8008-2017-4E23-9DC8-FF35D630E369}.Debug|x86.ActiveCfg = Debug|Win32
		{B4AF8008-2017-4E23-9DC8-FF35D630E369}.Debug|x86.Build.0 = Debug|Win32
		{B4AF8008-2017-4E23-9DC8-FF35D630E369}.Release|x64.ActiveCfg = Release|x64
		{B4AF8008-2017-4E23-9DC8-FF35D630E369}.Release|x64.Build.0 = Release|x64
		{B4AF8008-2017-4E23-9DC8-FF35D630E369}.Release|x86.ActiveCfg = Release|Win32
		{B4AF8008-2017-4E23-9DC8-FF35D630E369}.Release|x86.Build.0 = Release|Win32
		{C991DEC2-B160-4011-A6C9-99872CD45A13}.Debug|x64.ActiveCfg = Debug|x64
		{C991DEC2-B160-4011-A6C9-99872CD45A13}.Debug|x64.Build.0 = Debug|x64
		{C991DEC2-B160-4011-A6C9-99872CD45A13}.Debug|x86.ActiveCfg = Debug|Win32
		{C991DEC2-B160-4011-A6C9-99872CD45A13}.Debug|x86.Build.0 = Debug|Win32
		{C991DEC2-B160-4011-A6C9-99872CD45A13}.Release|x64.ActiveCfg = Release|x64
		{C991DEC2-B160-4011-A6C9-99872CD45A13}.Release|x64.Build.0 = Release|x64
		{C991DEC2-B160-4011-A6C9-99872CD45A13}.Release|x86.ActiveCfg = Release|Win32
		{C991DEC2-B160-4011-A6C9-99872CD45A13}.Release|x86.Build.0 = Release|Win32
		{5FC5A628-A4CD-4C21-B33A-0EBB3ED77AF4}.Debug|x64.ActiveCfg = Debug|x64
		{5FC5A628-A4CD-4C21-B33A-0EBB3ED77AF4}.Debug|x64.Build.0 = Debug|x64
		{5FC5A628-A4CD-4C21-B33A-0EBB3ED77AF4}.Debug|x86.ActiveCfg = Debug|Win32
		{5FC5A628-A4CD-4C21-B33A-0EBB3ED77AF4}.Debug|x86.Build.0 = Debug|Win32
		{5FC5A628-A4CD-4C21-B33A-0EBB3ED77AF4}.Release|x64.ActiveCfg = Release|x64
		{5FC5A628-A4CD-4C21-B33A-0EBB3ED77AF4}.Release|x64.Build.0 = Release|x64
		{5FC5A628-A4CD-4C21-B33A-0EBB3ED77AF4}.Release|x86.ActiveCfg = Release|Win32
		{5FC5A628-A4CD-4C21-B33A-0EBB3ED77AF4}.Release|x86.Build.0 = Release|Win32
		{574B72F5-B677-4B75-855C-7024735A9D1A}.Debug|x64.ActiveCfg = Debug|x64
		{574B72F5-B677-4B75-855C-7024735A9D1A}.Debug|x64.Build.0 = Debug|x64
		{574B72F5-B677-4B75-855C-7024735A9D1A}.Debug|x86.ActiveCfg = Debug|Win32
		{574B72F5-B677-4B75-855C-7024735A9D1A}.Debug|x86.Build.0 = Debug|Win32
		{574B72F5-B677-4B75-855C-7024735A9D1A}.Release|x64.ActiveCfg = Release|x64
		{574B72F5-B677-4B75-855C-7024735A9D1A}.Release|x64.Build.0 = Release|x64
		{574B72F5-B677-4B75-855C-7024735A9D1A}.Release|x86.ActiveCfg = Release|Win32
		{574B72F5-B677-4B75-855C-7024735A9D1A}.Release|x86.Build.0 = Release|Win32
		{7730D122-F863-4A5C-8FEB-C30E33FAB8E8}.Debug|x64.ActiveCfg = Debug|x64
		{7730D122-F863-4A5C-8FEB-C30E33FAB8E8}.Debug|x64.Build.0 = Debug|x64
		{7730D122-F863-4A5C-8FEB-C30E33FAB8E8}.Debug|x86.ActiveCfg = Debug|Win32
		{7730D122-F863-4A5C-8FEB-C30E33FAB8E8}.Debug|x86.Build.0 = Debug|Win32
		{7730D122-F863-4A5C-8FEB-C30E33FAB8E8}.Release|x64.ActiveCfg = Release|x64
		{7730D122-F863-4A5C-8FEB-C30E33FAB8E8}.Release|x64.Build.0 = Release|x64
		{7730D122-F863-4A5C-8FEB-C30E33FAB8E8}.Release|x86.ActiveCfg = Release|Win32
		{7730D122-F863-4A5C-8FEB-C30E33FAB8E8}.Release|x86.Build.0 = Release|Win32
		{5DD092C3-7B02-4C24-AD00-096711C36337}.Debug|x64.ActiveCfg = Debug|x64
		{5DD092C3-7B02-4C24-AD00-096711C36337}.Debug|x64.Build.0 = Debug|x64
		{5DD092C3-7B02-4C24-AD00-096711C36337}.Debug|x86.ActiveCfg = Debug|Win32
		{5DD092C3-7B02-4C24-AD00-096711C36337}.Debug|x86.Build.0 = Debug|Win32
		{5DD092C3-7B02-4C24-AD00-096711C36337}.Release|x64.ActiveCfg = Release|x64
		{5DD092C3-7B02-4C24-AD00-096711C36337}.Release|x64.Build.0 = Release|x64
		{5DD092C3-7B02-4C24-AD00-096711C36337}.Release|x86.ActiveCfg = Release|Win32
		{5DD092C3-7B02-4C24-AD00-096711C36337}.Release|x86.Build.0 = Release|Win32
		{E3EF7E69-3F01-4571-99A4-E1AB5CAC1267}.Debug|x64.ActiveCfg = Debug|x64
		{E3EF7E69-3F01-4571-99A4-E1AB5CAC1267}.Debug|x64.Build.0 = Debug|x64
		{E3EF7E69-3F01-4571-99A4-E1AB5CAC1267}.Debug|x86.ActiveCfg = Debug|Win32
		{E3EF7E69-3F01-4571-99A4-E1AB5CAC1267}.Debug|x86.Build.0 = Debug|Win32
		{E3EF7E69-3F01-4571-99A4-E1AB5CAC1267}.Release|x64.ActiveCfg = Release|x64
		{E3EF7E69-3F01-4571-99A4-E1AB5CAC1267}.Release|x64.Build.0 = Release|x64
		{E3EF7E69-3F01-4571-99A4-E1AB5CAC1267}.Release|x86.ActiveCfg = Release|Win32
		{E3EF7E69-3F01-4571-99A4-E1AB5CAC1267}.Release|x86.Build.0 = Release|Win32
		{12601D44-930E-4B6F-BB98-753EDD6BE591}.Debug|x64.ActiveCfg = Debug|x64
		{12601D44-930E-4B6F-BB98-753EDD6BE591}.Debug|x64.Build.0 = Debug|x64
		{12601D44-930E-4B6F-BB98-753EDD6BE591}.Debug|x86.ActiveCfg = Debug|Win32
		{12601D44-930E-4B6F-BB98-753EDD6BE591}.Debug|x86.Build.0 = Debug|Win32
		{12601D44-930E-4B6F-BB98-753EDD6BE591}.Release|x64.ActiveCfg = Release|x64
		{12601D44-930E-4B6F-BB98-753EDD6BE591}.Release|x64.Build.0 = Release|x64
		{12601D44-930E-4B6F-BB98-753EDD6BE591}.Release|x86.ActiveCfg = Release|Win32
		{12601D44-930E-4B6F-BB98-753EDD6BE591}.Release|x86.Build.0 = Release|Win32
	EndGlobalSection
	GlobalSection(SolutionProperties) = preSolution
		HideSolutionNode = FALSE
	EndGlobalSection
	GlobalSection(ExtensibilityGlobals) = postSolution
		SolutionGuid = {82A2419B-10C3-43AA-AB40-A73C3EEA1C06}
	EndGlobalSection
EndGlobal
